
Microsoft Visual Studio Solution File, Format Version 12.00
# Visual Studio 2015
Project("{FAE04EC0-301F-11D3-BF4B-00C04F79EFBC}") = "LOGO1.CSharp", "LOGO1.CSharp.csproj", "{579C63E7-B192-2DB1-F903-C56D0C82E779}"
EndProject
Global
	GlobalSection(SolutionConfigurationPlatforms) = preSolution
		Debug|Any CPU = Debug|Any CPU
		Release|Any CPU = Release|Any CPU
	EndGlobalSection
	GlobalSection(ProjectConfigurationPlatforms) = postSolution
		{579C63E7-B192-2DB1-F903-C56D0C82E779}.Debug|Any CPU.ActiveCfg = Debug|Any CPU
		{579C63E7-B192-2DB1-F903-C56D0C82E779}.Debug|Any CPU.Build.0 = Debug|Any CPU
		{579C63E7-B192-2DB1-F903-C56D0C82E779}.Release|Any CPU.ActiveCfg = Release|Any CPU
		{579C63E7-B192-2DB1-F903-C56D0C82E779}.Release|Any CPU.Build.0 = Release|Any CPU
	EndGlobalSection
	GlobalSection(SolutionProperties) = preSolution
		HideSolutionNode = FALSE
	EndGlobalSection
EndGlobal
